
Microsoft Visual Studio Solution File, Format Version 12.00
# Visual Studio Version 17
VisualStudioVersion = 17.9.34622.214
MinimumVisualStudioVersion = 10.0.40219.1
Project("{FAE04EC0-301F-11D3-BF4B-00C04F79EFBC}") = "Vehicle Rental Management System", "Vehicle Rental Management System\Vehicle Rental Management System.csproj", "{A5260434-978D-4B03-8E1B-433CB6BAB4EA}"
EndProject
Global
	GlobalSection(SolutionConfigurationPlatforms) = preSolution
		Debug|Any CPU = Debug|Any CPU
		Release|Any CPU = Release|Any CPU
	EndGlobalSection
	GlobalSection(ProjectConfigurationPlatforms) = postSolution
		{A5260434-978D-4B03-8E1B-433CB6BAB4EA}.Debug|Any CPU.ActiveCfg = Debug|Any CPU
		{A5260434-978D-4B03-8E1B-433CB6BAB4EA}.Debug|Any CPU.Build.0 = Debug|Any CPU
		{A5260434-978D-4B03-8E1B-433CB6BAB4EA}.Release|Any CPU.ActiveCfg = Release|Any CPU
		{A5260434-978D-4B03-8E1B-433CB6BAB4EA}.Release|Any CPU.Build.0 = Release|Any CPU
	EndGlobalSection
	GlobalSection(SolutionProperties) = preSolution
		HideSolutionNode = FALSE
	EndGlobalSection
	GlobalSection(ExtensibilityGlobals) = postSolution
		SolutionGuid = {5B9DD679-6EF2-4F25-88E8-AB623291D1E8}
	EndGlobalSection
EndGlobal
